// !$*UTF8*$!
{
	archiveVersion = 1;
	classes = {
	};
	objectVersion = 56;
	objects = {

/* Begin PBXBuildFile section */
		A1000001000001 /* CloudfareTunnelApp.swift in Sources */ = {isa = PBXBuildFile; fileRef = A2000001000001 /* CloudfareTunnelApp.swift */; };
		A1000002000002 /* HomeView.swift in Sources */ = {isa = PBXBuildFile; fileRef = A2000002000002 /* HomeView.swift */; };
		A1000003000003 /* ConfigEditorView.swift in Sources */ = {isa = PBXBuildFile; fileRef = A2000003000003 /* ConfigEditorView.swift */; };
		A100004D000004 /* TunnelDetailView.swift in Sources */ = {isa = PBXBuildFile; fileRef = A200004D000004 /* TunnelDetailView.swift */; };
		A1000004000004 /* TunnelStateMachine.swift in Sources */ = {isa = PBXBuildFile; fileRef = A2000004000004 /* TunnelStateMachine.swift */; };
		A1000005000005 /* TunnelError.swift in Sources */ = {isa = PBXBuildFile; fileRef = A2000005000005 /* TunnelError.swift */; };
		A1000006000006 /* TunnelAPIProtocol.swift in Sources */ = {isa = PBXBuildFile; fileRef = A2000006000006 /* TunnelAPIProtocol.swift */; };
		A1000007000007 /* TunnelModels.swift in Sources */ = {isa = PBXBuildFile; fileRef = A2000007000007 /* TunnelModels.swift */; };
		A1000008000008 /* CloudflareAPI.swift in Sources */ = {isa = PBXBuildFile; fileRef = A2000008000008 /* CloudflareAPI.swift */; };
		A1000009000009 /* TunnelViewModel.swift in Sources */ = {isa = PBXBuildFile; fileRef = A2000009000009 /* TunnelViewModel.swift */; };
		A1000010000010 /* Storage.swift in Sources */ = {isa = PBXBuildFile; fileRef = A2000010000010 /* Storage.swift */; };
		A1000011000011 /* JSONCoding.swift in Sources */ = {isa = PBXBuildFile; fileRef = A2000011000011 /* JSONCoding.swift */; };
/* End PBXBuildFile section */

/* Begin PBXFileReference section */
		A2000001000001 /* CloudfareTunnelApp.swift */  = {isa = PBXFileReference; lastKnownFileType = sourcecode.swift; path = CloudfareTunnelApp.swift;  sourceTree = "<group>"; };
		A2000002000002 /* HomeView.swift */             = {isa = PBXFileReference; lastKnownFileType = sourcecode.swift; path = HomeView.swift;             sourceTree = "<group>"; };
		A2000003000003 /* ConfigEditorView.swift */     = {isa = PBXFileReference; lastKnownFileType = sourcecode.swift; path = ConfigEditorView.swift;     sourceTree = "<group>"; };
		A200004D000004 /* TunnelDetailView.swift */     = {isa = PBXFileReference; lastKnownFileType = sourcecode.swift; path = TunnelDetailView.swift;     sourceTree = "<group>"; };
		A2000004000004 /* TunnelStateMachine.swift */   = {isa = PBXFileReference; lastKnownFileType = sourcecode.swift; path = TunnelStateMachine.swift;   sourceTree = "<group>"; };
		A2000005000005 /* TunnelError.swift */          = {isa = PBXFileReference; lastKnownFileType = sourcecode.swift; path = TunnelError.swift;          sourceTree = "<group>"; };
		A2000006000006 /* TunnelAPIProtocol.swift */    = {isa = PBXFileReference; lastKnownFileType = sourcecode.swift; path = TunnelAPIProtocol.swift;    sourceTree = "<group>"; };
		A2000007000007 /* TunnelModels.swift */         = {isa = PBXFileReference; lastKnownFileType = sourcecode.swift; path = TunnelModels.swift;         sourceTree = "<group>"; };
		A2000008000008 /* CloudflareAPI.swift */        = {isa = PBXFileReference; lastKnownFileType = sourcecode.swift; path = CloudflareAPI.swift;        sourceTree = "<group>"; };
		A2000009000009 /* TunnelViewModel.swift */      = {isa = PBXFileReference; lastKnownFileType = sourcecode.swift; path = TunnelViewModel.swift;      sourceTree = "<group>"; };
		A2000010000010 /* Storage.swift */              = {isa = PBXFileReference; lastKnownFileType = sourcecode.swift; path = Storage.swift;              sourceTree = "<group>"; };
		A2000011000011 /* JSONCoding.swift */           = {isa = PBXFileReference; lastKnownFileType = sourcecode.swift; path = JSONCoding.swift;           sourceTree = "<group>"; };
		A2000012000012 /* Info.plist */                 = {isa = PBXFileReference; lastKnownFileType = text.plist.xml;   path = Info.plist;                 sourceTree = "<group>"; };
		A3000001000001 /* ios-cloudfare-tunnel.app */   = {isa = PBXFileReference; explicitFileType = wrapper.application; includeInIndex = 0; path = "ios-cloudfare-tunnel.app"; sourceTree = BUILT_PRODUCTS_DIR; };
/* End PBXFileReference section */

/* Begin PBXFrameworksBuildPhase section */
		A4000001000001 /* Frameworks */ = {
			isa = PBXFrameworksBuildPhase;
			buildActionMask = 2147483647;
			files = (
			);
			runOnlyForDeploymentPostprocessing = 0;
		};
/* End PBXFrameworksBuildPhase section */

/* Begin PBXGroup section */
		A5000001000001 /* Root group */ = {
			isa = PBXGroup;
			children = (
				A5000002000002 /* App */,
				A5000003000003 /* Core */,
				A5000004000004 /* Products */,
			);
			sourceTree = "<group>";
		};
		A5000002000002 /* App */ = {
			isa = PBXGroup;
			children = (
				A2000001000001 /* CloudfareTunnelApp.swift */,
				A2000002000002 /* HomeView.swift */,
				A2000003000003 /* ConfigEditorView.swift */,
				A200004D000004 /* TunnelDetailView.swift */,
				A2000012000012 /* Info.plist */,
			);
			path = App;
			sourceTree = "<group>";
		};
		A5000003000003 /* Core */ = {
			isa = PBXGroup;
			children = (
				A2000004000004 /* TunnelStateMachine.swift */,
				A2000005000005 /* TunnelError.swift */,
				A2000006000006 /* TunnelAPIProtocol.swift */,
				A2000007000007 /* TunnelModels.swift */,
				A2000008000008 /* CloudflareAPI.swift */,
				A2000009000009 /* TunnelViewModel.swift */,
				A2000010000010 /* Storage.swift */,
				A2000011000011 /* JSONCoding.swift */,
			);
			path = Core;
			sourceTree = "<group>";
		};
		A5000004000004 /* Products */ = {
			isa = PBXGroup;
			children = (
				A3000001000001 /* ios-cloudfare-tunnel.app */,
			);
			name = Products;
			sourceTree = "<group>";
		};
/* End PBXGroup section */

/* Begin PBXNativeTarget section */
		A6000001000001 /* ios-cloudfare-tunnel */ = {
			isa = PBXNativeTarget;
			buildConfigurationList = A8000001000001 /* Build configuration list for PBXNativeTarget "ios-cloudfare-tunnel" */;
			buildPhases = (
				A7000001000001 /* Sources */,
				A4000001000001 /* Frameworks */,
				A7000002000002 /* Resources */,
			);
			buildRules = (
			);
			dependencies = (
			);
			name = "ios-cloudfare-tunnel";
			productName = "ios-cloudfare-tunnel";
			productReference = A3000001000001 /* ios-cloudfare-tunnel.app */;
			productType = "com.apple.product-type.application";
		};
/* End PBXNativeTarget section */

/* Begin PBXProject section */
		A9000001000001 /* Project object */ = {
			isa = PBXProject;
			attributes = {
				BuildIndependentTargetsInParallel = 1;
				LastSwiftUpdateCheck = 1500;
				LastUpgradeCheck = 1500;
				TargetAttributes = {
					A6000001000001 = {
						CreatedOnToolsVersion = 15.0;
					};
				};
			};
			buildConfigurationList = A8000002000002 /* Build configuration list for PBXProject "ios-cloudfare-tunnel" */;
			compatibilityVersion = "Xcode 14.0";
			developmentRegion = en;
			hasScannedForEncodings = 0;
			knownRegions = (
				en,
				Base,
			);
			mainGroup = A5000001000001;
			productRefGroup = A5000004000004 /* Products */;
			projectDirPath = "";
			projectRoot = "";
			targets = (
				A6000001000001 /* ios-cloudfare-tunnel */,
			);
		};
/* End PBXProject section */

/* Begin PBXResourcesBuildPhase section */
		A7000002000002 /* Resources */ = {
			isa = PBXResourcesBuildPhase;
			buildActionMask = 2147483647;
			files = (
			);
			runOnlyForDeploymentPostprocessing = 0;
		};
/* End PBXResourcesBuildPhase section */

/* Begin PBXSourcesBuildPhase section */
		A7000001000001 /* Sources */ = {
			isa = PBXSourcesBuildPhase;
			buildActionMask = 2147483647;
			files = (
				A1000001000001 /* CloudfareTunnelApp.swift in Sources */,
				A1000002000002 /* HomeView.swift in Sources */,
				A1000003000003 /* ConfigEditorView.swift in Sources */,
				A100004D000004 /* TunnelDetailView.swift in Sources */,
				A1000004000004 /* TunnelStateMachine.swift in Sources */,
				A1000005000005 /* TunnelError.swift in Sources */,
				A1000006000006 /* TunnelAPIProtocol.swift in Sources */,
				A1000007000007 /* TunnelModels.swift in Sources */,
				A1000008000008 /* CloudflareAPI.swift in Sources */,
				A1000009000009 /* TunnelViewModel.swift in Sources */,
				A1000010000010 /* Storage.swift in Sources */,
				A1000011000011 /* JSONCoding.swift in Sources */,
			);
			runOnlyForDeploymentPostprocessing = 0;
		};
/* End PBXSourcesBuildPhase section */

/* Begin XCBuildConfiguration section */
		AB000001000001 /* Debug */ = {
			isa = XCBuildConfiguration;
			buildSettings = {
				ALWAYS_SEARCH_USER_PATHS = NO;
				ASSETCATALOG_COMPILER_GENERATE_SWIFT_ASSET_SYMBOL_EXTENSIONS = YES;
				CLANG_ANALYZER_NONNULL = YES;
				CLANG_ANALYZER_NUMBER_OBJECT_CONVERSION = YES_AGGRESSIVE;
				CLANG_CXX_LANGUAGE_STANDARD = "gnu++20";
				CLANG_ENABLE_MODULES = YES;
				CLANG_ENABLE_OBJC_ARC = YES;
				CLANG_ENABLE_OBJC_WEAK = YES;
				CLANG_WARN_BLOCK_CAPTURE_AUTORELEASING = YES;
				CLANG_WARN_BOOL_CONVERSION = YES;
				CLANG_WARN_COMMA = YES;
				CLANG_WARN_CONSTANT_CONVERSION = YES;
				CLANG_WARN_DEPRECATED_OBJC_IMPLEMENTATIONS = YES;
				CLANG_WARN_DIRECT_OBJC_ISA_USAGE = YES_ERROR;
				CLANG_WARN_DOCUMENTATION_COMMENTS = YES;
				CLANG_WARN_EMPTY_BODY = YES;
				CLANG_WARN_ENUM_CONVERSION = YES;
				CLANG_WARN_INFINITE_RECURSION = YES;
				CLANG_WARN_INT_CONVERSION = YES;
				CLANG_WARN_NON_LITERAL_NULL_CONVERSION = YES;
				CLANG_WARN_OBJC_IMPLICIT_RETAIN_SELF = YES;
				CLANG_WARN_OBJC_LITERAL_CONVERSION = YES;
				CLANG_WARN_OBJC_ROOT_CLASS = YES_ERROR;
				CLANG_WARN_QUOTED_INCLUDE_IN_FRAMEWORK_HEADER = YES;
				CLANG_WARN_RANGE_LOOP_ANALYSIS = YES;
				CLANG_WARN_STRICT_PROTOTYPES = YES;
				CLANG_WARN_SUSPICIOUS_MOVE = YES;
				CLANG_WARN_UNGUARDED_AVAILABILITY = YES_AGGRESSIVE;
				CLANG_WARN_UNREACHABLE_CODE = YES;
				CLANG_WARN__DUPLICATE_METHOD_MATCH = YES;
				COPY_PHASE_STRIP = NO;
				DEBUG_INFORMATION_FORMAT = dwarf;
				ENABLE_STRICT_OBJC_MSGSEND = YES;
				ENABLE_TESTABILITY = YES;
				ENABLE_USER_SCRIPT_SANDBOXING = YES;
				GCC_C_LANGUAGE_STANDARD = gnu17;
				GCC_DYNAMIC_NO_PIC = NO;
				GCC_NO_COMMON_BLOCKS = YES;
				GCC_OPTIMIZATION_LEVEL = 0;
				GCC_PREPROCESSOR_DEFINITIONS = (
					"DEBUG=1",
					"$(inherited)",
				);
				GCC_WARN_64_TO_32_BIT_CONVERSION = YES;
				GCC_WARN_ABOUT_RETURN_TYPE = YES_ERROR;
				GCC_WARN_UNDECLARED_SELECTOR = YES;
				GCC_WARN_UNINITIALIZED_AUTOS = YES_AGGRESSIVE;
				GCC_WARN_UNUSED_FUNCTION = YES;
				GCC_WARN_UNUSED_VARIABLE = YES;
				IPHONEOS_DEPLOYMENT_TARGET = 16.0;
				MTL_ENABLE_DEBUG_INFO = INCLUDE_SOURCE;
				MTL_FAST_MATH = YES;
				ONLY_ACTIVE_ARCH = YES;
				SDKROOT = iphoneos;
				SWIFT_ACTIVE_COMPILATION_CONDITIONS = DEBUG;
				SWIFT_OPTIMIZATION_LEVEL = "-Onone";
			};
			name = Debug;
		};
		AB000002000002 /* Release */ = {
			isa = XCBuildConfiguration;
			buildSettings = {
				ALWAYS_SEARCH_USER_PATHS = NO;
				ASSETCATALOG_COMPILER_GENERATE_SWIFT_ASSET_SYMBOL_EXTENSIONS = YES;
				CLANG_ANALYZER_NONNULL = YES;
				CLANG_ANALYZER_NUMBER_OBJECT_CONVERSION = YES_AGGRESSIVE;
				CLANG_CXX_LANGUAGE_STANDARD = "gnu++20";
				CLANG_ENABLE_MODULES = YES;
				CLANG_ENABLE_OBJC_ARC = YES;
				CLANG_ENABLE_OBJC_WEAK = YES;
				CLANG_WARN_BLOCK_CAPTURE_AUTORELEASING = YES;
				CLANG_WARN_BOOL_CONVERSION = YES;
				CLANG_WARN_COMMA = YES;
				CLANG_WARN_CONSTANT_CONVERSION = YES;
				CLANG_WARN_DEPRECATED_OBJC_IMPLEMENTATIONS = YES;
				CLANG_WARN_DIRECT_OBJC_ISA_USAGE = YES_ERROR;
				CLANG_WARN_DOCUMENTATION_COMMENTS = YES;
				CLANG_WARN_EMPTY_BODY = YES;
				CLANG_WARN_ENUM_CONVERSION = YES;
				CLANG_WARN_INFINITE_RECURSION = YES;
				CLANG_WARN_INT_CONVERSION = YES;
				CLANG_WARN_NON_LITERAL_NULL_CONVERSION = YES;
				CLANG_WARN_OBJC_IMPLICIT_RETAIN_SELF = YES;
				CLANG_WARN_OBJC_LITERAL_CONVERSION = YES;
				CLANG_WARN_OBJC_ROOT_CLASS = YES_ERROR;
				CLANG_WARN_QUOTED_INCLUDE_IN_FRAMEWORK_HEADER = YES;
				CLANG_WARN_RANGE_LOOP_ANALYSIS = YES;
				CLANG_WARN_STRICT_PROTOTYPES = YES;
				CLANG_WARN_SUSPICIOUS_MOVE = YES;
				CLANG_WARN_UNGUARDED_AVAILABILITY = YES_AGGRESSIVE;
				CLANG_WARN_UNREACHABLE_CODE = YES;
				CLANG_WARN__DUPLICATE_METHOD_MATCH = YES;
				COPY_PHASE_STRIP = NO;
				DEBUG_INFORMATION_FORMAT = "dwarf-with-dsym";
				ENABLE_NS_ASSERTIONS = NO;
				ENABLE_STRICT_OBJC_MSGSEND = YES;
				ENABLE_USER_SCRIPT_SANDBOXING = YES;
				GCC_C_LANGUAGE_STANDARD = gnu17;
				GCC_NO_COMMON_BLOCKS = YES;
				GCC_WARN_64_TO_32_BIT_CONVERSION = YES;
				GCC_WARN_ABOUT_RETURN_TYPE = YES_ERROR;
				GCC_WARN_UNDECLARED_SELECTOR = YES;
				GCC_WARN_UNINITIALIZED_AUTOS = YES_AGGRESSIVE;
				GCC_WARN_UNUSED_FUNCTION = YES;
				GCC_WARN_UNUSED_VARIABLE = YES;
				IPHONEOS_DEPLOYMENT_TARGET = 16.0;
				MTL_FAST_MATH = YES;
				SDKROOT = iphoneos;
				SWIFT_COMPILATION_MODE = wholemodule;
				SWIFT_OPTIMIZATION_LEVEL = "-O";
				VALIDATE_PRODUCT = YES;
			};
			name = Release;
		};
		AB000003000003 /* Debug – Target */ = {
			isa = XCBuildConfiguration;
			buildSettings = {
				ASSETCATALOG_COMPILER_APPICON_NAME = AppIcon;
				ASSETCATALOG_COMPILER_GLOBAL_ACCENT_COLOR_NAME = AccentColor;
				CODE_SIGN_STYLE = Automatic;
				CURRENT_PROJECT_VERSION = 1;
				DEVELOPMENT_TEAM = "";
				ENABLE_PREVIEWS = YES;
				GENERATE_INFOPLIST_FILE = NO;
				INFOPLIST_FILE = App/Info.plist;
				IPHONEOS_DEPLOYMENT_TARGET = 16.0;
				LD_RUNPATH_SEARCH_PATHS = (
					"$(inherited)",
					"@executable_path/Frameworks",
				);
				MARKETING_VERSION = 1.0;
				PRODUCT_BUNDLE_IDENTIFIER = "com.xiaoxinkeji.cloudfare-tunnel";
				PRODUCT_NAME = "$(TARGET_NAME)";
				SWIFT_EMIT_LOC_STRINGS = YES;
				SWIFT_VERSION = 5.0;
				TARGETED_DEVICE_FAMILY = "1,2";
			};
			name = Debug;
		};
		AB000004000004 /* Release – Target */ = {
			isa = XCBuildConfiguration;
			buildSettings = {
				ASSETCATALOG_COMPILER_APPICON_NAME = AppIcon;
				ASSETCATALOG_COMPILER_GLOBAL_ACCENT_COLOR_NAME = AccentColor;
				CODE_SIGN_STYLE = Automatic;
				CURRENT_PROJECT_VERSION = 1;
				DEVELOPMENT_TEAM = "";
				ENABLE_PREVIEWS = YES;
				GENERATE_INFOPLIST_FILE = NO;
				INFOPLIST_FILE = App/Info.plist;
				IPHONEOS_DEPLOYMENT_TARGET = 16.0;
				LD_RUNPATH_SEARCH_PATHS = (
					"$(inherited)",
					"@executable_path/Frameworks",
				);
				MARKETING_VERSION = 1.0;
				PRODUCT_BUNDLE_IDENTIFIER = "com.xiaoxinkeji.cloudfare-tunnel";
				PRODUCT_NAME = "$(TARGET_NAME)";
				SWIFT_EMIT_LOC_STRINGS = YES;
				SWIFT_VERSION = 5.0;
				TARGETED_DEVICE_FAMILY = "1,2";
			};
			name = Release;
		};
/* End XCBuildConfiguration section */

/* Begin XCConfigurationList section */
		A8000001000001 /* Build configuration list for PBXNativeTarget "ios-cloudfare-tunnel" */ = {
			isa = XCConfigurationList;
			buildConfigurations = (
				AB000003000003 /* Debug */,
				AB000004000004 /* Release */,
			);
			defaultConfigurationIsVisible = 0;
			defaultConfigurationName = Release;
		};
		A8000002000002 /* Build configuration list for PBXProject "ios-cloudfare-tunnel" */ = {
			isa = XCConfigurationList;
			buildConfigurations = (
				AB000001000001 /* Debug */,
				AB000002000002 /* Release */,
			);
			defaultConfigurationIsVisible = 0;
			defaultConfigurationName = Release;
		};
/* End XCConfigurationList section */

	};
	rootObject = A9000001000001 /* Project object */;
}
